# This file was autogenerated by Stack.
# You should not edit this file by hand.
# For more information, please see the documentation at:
#   https://docs.haskellstack.org/en/stable/lock_files

packages:
- completed:
    hackage: glpk-hs-0.8@sha256:acebd2f8b452f197d4bec74678e8a3ce41eb02cb3cd77a051fb92829df9ffd6b,2616
    pantry-tree:
      sha256: b32cd98e6256593aa5041d68716768924310bfa88182e75cba12c1e93728b79b
      size: 1413
  original:
    hackage: glpk-hs-0.8
- completed:
    hackage: gasp-1.3.0.0@sha256:f1acd6fb521dbeded3d7737449f7139fb67c02da1645b51bc3ab31740f0869cf,725
    pantry-tree:
      sha256: a16b5b6ef8775f5cd61b4903a9a84a371c3843c1d7feafbdfae3dfd05c6dd2d9
      size: 279
  original:
    hackage: gasp-1.3.0.0
- completed:
    hackage: threepenny-gui-0.9.4.0@sha256:662faddeb81b45b809e0fcb41755692ac0ef8f1ae45b8b3a9b9e651fa51d71c9,9865
    pantry-tree:
      sha256: 9967cd63baaf64fbbe6e8d0bc43fd389f77da2cc95b6a9151ea3d91b10dab0a3
      size: 4283
  original:
    hackage: threepenny-gui-0.9.4.0
- completed:
    hackage: snap-server-1.1.2.1@sha256:1472326ecc890c3af6cb88355d4fbfa2e64c6dce4c5a9c36b80af4ca8e36dc1a,15471
    pantry-tree:
      sha256: 115460d6a6c93f2cc239fa065e563374718174aefbe411754a27e56ba4aff4cf
      size: 3313
  original:
    hackage: snap-server-1.1.2.1
- completed:
    hackage: snap-core-1.0.5.1@sha256:e84e14c59ef925cf83312103449e4253800489d051991675b747ee5bcc6dda4e,9502
    pantry-tree:
      sha256: 58715afcb05dfac897b3a4ab3dd8e34f99f17c65d470f589202ef62ead8453ca
      size: 3429
  original:
    hackage: snap-core-1.0.5.1
- completed:
    hackage: websockets-snap-0.10.3.1@sha256:1e52d1b67eaa54e4c5e66e84fc22e9a2ca41bf9930ea2c94b8ec11e4080d3f23,1042
    pantry-tree:
      sha256: 14aa753981ac0c8465d0d18ea84f0b1414d6e7a6232d47958e61b1d04e227f16
      size: 331
  original:
    hackage: websockets-snap-0.10.3.1
- completed:
    hackage: readable-0.3.1@sha256:ea550740bbee9ae46c6bbf1c5e5185818a1d37509b855c640b0a7f2dfba6dc37,1121
    pantry-tree:
      sha256: a93d2c4e208cf064a8b1e8087d7a8ea77c263115e7ba18f3ef6abe935548faca
      size: 313
  original:
    hackage: readable-0.3.1
snapshots:
- completed:
    sha256: 5a59b2a405b3aba3c00188453be172b85893cab8ebc352b1ef58b0eae5d248a2
    size: 650475
    url: https://raw.githubusercontent.com/commercialhaskell/stackage-snapshots/master/lts/20/26.yaml
  original: lts-20.26
